
Microsoft Visual Studio Solution File, Format Version 11.00
# Visual Studio 2010
Project("{8BC9CEB8-8B4A-11D0-8D11-00A0C91BC942}") = "soulstoperks", "soulstoperks.vcxproj", "{A97EB232-C072-4AF1-B45D-2BE332059373}"
EndProject
Project("{8BC9CEB8-8B4A-11D0-8D11-00A0C91BC942}") = "nofasttravel", "nofasttravel.vcxproj", "{61B088A4-0086-4FD1-9D85-2D68BA47D30C}"
EndProject
Project("{8BC9CEB8-8B4A-11D0-8D11-00A0C91BC942}") = "toggleui", "toggleui.vcxproj", "{334E99EE-71BF-482A-862E-07A3C30AD21E}"
EndProject
Project("{8BC9CEB8-8B4A-11D0-8D11-00A0C91BC942}") = "dynamicTimescale", "dynamicTimescale.vcxproj", "{326F9787-7A21-4CE1-8253-EE56706B1191}"
EndProject
Project("{8BC9CEB8-8B4A-11D0-8D11-00A0C91BC942}") = "scaleQuestRewards", "scaleQuestRewards.vcxproj", "{B93D0D72-95FE-432D-91C4-AEB184268A31}"
EndProject
Project("{8BC9CEB8-8B4A-11D0-8D11-00A0C91BC942}") = "decoratorAssist", "decoratorAssist.vcxproj", "{3C863441-C554-439F-B633-288864A6F102}"
EndProject
Project("{8BC9CEB8-8B4A-11D0-8D11-00A0C91BC942}") = "versionChecker", "versionChecker.vcxproj", "{C740EA50-6061-4861-A7A6-C94D6B2861D8}"
EndProject
Global
	GlobalSection(SolutionConfigurationPlatforms) = preSolution
		main|Win32 = main|Win32
	EndGlobalSection
	GlobalSection(ProjectConfigurationPlatforms) = postSolution
		{A97EB232-C072-4AF1-B45D-2BE332059373}.main|Win32.ActiveCfg = main|Win32
		{A97EB232-C072-4AF1-B45D-2BE332059373}.main|Win32.Build.0 = main|Win32
		{61B088A4-0086-4FD1-9D85-2D68BA47D30C}.main|Win32.ActiveCfg = main|Win32
		{61B088A4-0086-4FD1-9D85-2D68BA47D30C}.main|Win32.Build.0 = main|Win32
		{334E99EE-71BF-482A-862E-07A3C30AD21E}.main|Win32.ActiveCfg = main|Win32
		{334E99EE-71BF-482A-862E-07A3C30AD21E}.main|Win32.Build.0 = main|Win32
		{326F9787-7A21-4CE1-8253-EE56706B1191}.main|Win32.ActiveCfg = main|Win32
		{326F9787-7A21-4CE1-8253-EE56706B1191}.main|Win32.Build.0 = main|Win32
		{B93D0D72-95FE-432D-91C4-AEB184268A31}.main|Win32.ActiveCfg = main|Win32
		{B93D0D72-95FE-432D-91C4-AEB184268A31}.main|Win32.Build.0 = main|Win32
		{3C863441-C554-439F-B633-288864A6F102}.main|Win32.ActiveCfg = main|Win32
		{3C863441-C554-439F-B633-288864A6F102}.main|Win32.Build.0 = main|Win32
		{C740EA50-6061-4861-A7A6-C94D6B2861D8}.main|Win32.ActiveCfg = main|Win32
		{C740EA50-6061-4861-A7A6-C94D6B2861D8}.main|Win32.Build.0 = main|Win32
	EndGlobalSection
	GlobalSection(SolutionProperties) = preSolution
		HideSolutionNode = FALSE
	EndGlobalSection
EndGlobal
